
Microsoft Visual Studio Solution File, Format Version 12.00
# Visual Studio 15
VisualStudioVersion = 15.0.27428.2043
MinimumVisualStudioVersion = 10.0.40219.1
Project("{2150E333-8FDC-42A3-9474-1A3956D46DE8}") = "DesignPatterns", "DesignPatterns", "{E22F5C3E-CFDA-42CD-BF9A-E41F03D7F28B}"
EndProject
Project("{2150E333-8FDC-42A3-9474-1A3956D46DE8}") = "Structural", "Structural", "{52D28BE0-288F-47CE-84B0-65BD856B3637}"
EndProject
Project("{2150E333-8FDC-42A3-9474-1A3956D46DE8}") = "Creational", "Creational", "{704C4CD3-6D2A-497B-BBB2-560615360A2C}"
EndProject
Project("{2150E333-8FDC-42A3-9474-1A3956D46DE8}") = "Behavioral", "Behavioral", "{E6DBA119-ADB6-4AA4-8861-03ECF7C3E9AD}"
EndProject
Project("{2150E333-8FDC-42A3-9474-1A3956D46DE8}") = "GangOfFourPatterns", "GangOfFourPatterns", "{51FFEC34-0804-4FD3-90A5-6A5FEAAE49A4}"
EndProject
Project("{2150E333-8FDC-42A3-9474-1A3956D46DE8}") = "SpecificationPattern", "SpecificationPattern", "{2E799046-D6FD-45CF-89F6-57BEEAAF671B}"
EndProject
Project("{9A19103F-16F7-4668-BE54-9A1E7A4F7556}") = "Xpto.Behavioral.ChainOfResponsibility", "DesignPatterns\GangOfFourPatterns\Behavioral\ChainOfResponsibility\Xpto.Behavioral.ChainOfResponsibility\Xpto.Behavioral.ChainOfResponsibility.csproj", "{073D582B-7C83-413A-83DA-C32A31602505}"
EndProject
Project("{9A19103F-16F7-4668-BE54-9A1E7A4F7556}") = "Xpto.Behavioral.ChainOfResponsibility.Test", "DesignPatterns\GangOfFourPatterns\Behavioral\ChainOfResponsibility\Xpto.Behavioral.ChainOfResponsibility.Test\Xpto.Behavioral.ChainOfResponsibility.Test.csproj", "{9375E891-3E22-42E9-8719-09A14C100E7F}"
EndProject
Global
	GlobalSection(SolutionConfigurationPlatforms) = preSolution
		Debug|Any CPU = Debug|Any CPU
		Release|Any CPU = Release|Any CPU
	EndGlobalSection
	GlobalSection(ProjectConfigurationPlatforms) = postSolution
		{073D582B-7C83-413A-83DA-C32A31602505}.Debug|Any CPU.ActiveCfg = Debug|Any CPU
		{073D582B-7C83-413A-83DA-C32A31602505}.Debug|Any CPU.Build.0 = Debug|Any CPU
		{073D582B-7C83-413A-83DA-C32A31602505}.Release|Any CPU.ActiveCfg = Release|Any CPU
		{073D582B-7C83-413A-83DA-C32A31602505}.Release|Any CPU.Build.0 = Release|Any CPU
		{9375E891-3E22-42E9-8719-09A14C100E7F}.Debug|Any CPU.ActiveCfg = Debug|Any CPU
		{9375E891-3E22-42E9-8719-09A14C100E7F}.Debug|Any CPU.Build.0 = Debug|Any CPU
		{9375E891-3E22-42E9-8719-09A14C100E7F}.Release|Any CPU.ActiveCfg = Release|Any CPU
		{9375E891-3E22-42E9-8719-09A14C100E7F}.Release|Any CPU.Build.0 = Release|Any CPU
	EndGlobalSection
	GlobalSection(SolutionProperties) = preSolution
		HideSolutionNode = FALSE
	EndGlobalSection
	GlobalSection(NestedProjects) = preSolution
		{52D28BE0-288F-47CE-84B0-65BD856B3637} = {51FFEC34-0804-4FD3-90A5-6A5FEAAE49A4}
		{704C4CD3-6D2A-497B-BBB2-560615360A2C} = {51FFEC34-0804-4FD3-90A5-6A5FEAAE49A4}
		{E6DBA119-ADB6-4AA4-8861-03ECF7C3E9AD} = {51FFEC34-0804-4FD3-90A5-6A5FEAAE49A4}
		{51FFEC34-0804-4FD3-90A5-6A5FEAAE49A4} = {E22F5C3E-CFDA-42CD-BF9A-E41F03D7F28B}
		{2E799046-D6FD-45CF-89F6-57BEEAAF671B} = {E22F5C3E-CFDA-42CD-BF9A-E41F03D7F28B}
		{073D582B-7C83-413A-83DA-C32A31602505} = {E6DBA119-ADB6-4AA4-8861-03ECF7C3E9AD}
		{9375E891-3E22-42E9-8719-09A14C100E7F} = {E6DBA119-ADB6-4AA4-8861-03ECF7C3E9AD}
	EndGlobalSection
	GlobalSection(ExtensibilityGlobals) = postSolution
		SolutionGuid = {099215F5-F7FB-47F9-AE69-B08390FFDEC0}
	EndGlobalSection
EndGlobal
