
Microsoft Visual Studio Solution File, Format Version 12.00
# Visual Studio 15
VisualStudioVersion = 15.0.27428.2043
MinimumVisualStudioVersion = 10.0.40219.1
Project("{2150E333-8FDC-42A3-9474-1A3956D46DE8}") = "DesignPatterns", "DesignPatterns", "{E22F5C3E-CFDA-42CD-BF9A-E41F03D7F28B}"
EndProject
Project("{2150E333-8FDC-42A3-9474-1A3956D46DE8}") = "Structural", "Structural", "{52D28BE0-288F-47CE-84B0-65BD856B3637}"
EndProject
Project("{2150E333-8FDC-42A3-9474-1A3956D46DE8}") = "Creational", "Creational", "{704C4CD3-6D2A-497B-BBB2-560615360A2C}"
EndProject
Project("{2150E333-8FDC-42A3-9474-1A3956D46DE8}") = "Behavioral", "Behavioral", "{E6DBA119-ADB6-4AA4-8861-03ECF7C3E9AD}"
EndProject
Project("{2150E333-8FDC-42A3-9474-1A3956D46DE8}") = "ChainOfResponsibility", "ChainOfResponsibility", "{E9D77EEE-B0E7-49E8-8BC3-968A7D360B8E}"
EndProject
Project("{FAE04EC0-301F-11D3-BF4B-00C04F79EFBC}") = "Xpto.Behavioral.ChainOfResponsibility", "DesignPatterns\Behavioral\ChainOfResponsibility\Xpto.Behavioral.ChainOfResponsibility\Xpto.Behavioral.ChainOfResponsibility.csproj", "{098B04AA-E52B-4BC5-BEBC-B23715D1C202}"
EndProject
Project("{FAE04EC0-301F-11D3-BF4B-00C04F79EFBC}") = "Xpto.Behavioral.ChainOfResponsibility.Test", "DesignPatterns\Behavioral\ChainOfResponsibility\Xpto.Behavioral.ChainOfResponsibility.Test\Xpto.Behavioral.ChainOfResponsibility.Test.csproj", "{41949767-F0FA-4833-85A2-3590410F9FF6}"
EndProject
Global
	GlobalSection(SolutionConfigurationPlatforms) = preSolution
		Debug|Any CPU = Debug|Any CPU
		Release|Any CPU = Release|Any CPU
	EndGlobalSection
	GlobalSection(ProjectConfigurationPlatforms) = postSolution
		{098B04AA-E52B-4BC5-BEBC-B23715D1C202}.Debug|Any CPU.ActiveCfg = Debug|Any CPU
		{098B04AA-E52B-4BC5-BEBC-B23715D1C202}.Debug|Any CPU.Build.0 = Debug|Any CPU
		{098B04AA-E52B-4BC5-BEBC-B23715D1C202}.Release|Any CPU.ActiveCfg = Release|Any CPU
		{098B04AA-E52B-4BC5-BEBC-B23715D1C202}.Release|Any CPU.Build.0 = Release|Any CPU
		{41949767-F0FA-4833-85A2-3590410F9FF6}.Debug|Any CPU.ActiveCfg = Debug|Any CPU
		{41949767-F0FA-4833-85A2-3590410F9FF6}.Debug|Any CPU.Build.0 = Debug|Any CPU
		{41949767-F0FA-4833-85A2-3590410F9FF6}.Release|Any CPU.ActiveCfg = Release|Any CPU
		{41949767-F0FA-4833-85A2-3590410F9FF6}.Release|Any CPU.Build.0 = Release|Any CPU
	EndGlobalSection
	GlobalSection(SolutionProperties) = preSolution
		HideSolutionNode = FALSE
	EndGlobalSection
	GlobalSection(NestedProjects) = preSolution
		{52D28BE0-288F-47CE-84B0-65BD856B3637} = {E22F5C3E-CFDA-42CD-BF9A-E41F03D7F28B}
		{704C4CD3-6D2A-497B-BBB2-560615360A2C} = {E22F5C3E-CFDA-42CD-BF9A-E41F03D7F28B}
		{E6DBA119-ADB6-4AA4-8861-03ECF7C3E9AD} = {E22F5C3E-CFDA-42CD-BF9A-E41F03D7F28B}
		{E9D77EEE-B0E7-49E8-8BC3-968A7D360B8E} = {E6DBA119-ADB6-4AA4-8861-03ECF7C3E9AD}
		{098B04AA-E52B-4BC5-BEBC-B23715D1C202} = {E9D77EEE-B0E7-49E8-8BC3-968A7D360B8E}
		{41949767-F0FA-4833-85A2-3590410F9FF6} = {E9D77EEE-B0E7-49E8-8BC3-968A7D360B8E}
	EndGlobalSection
	GlobalSection(ExtensibilityGlobals) = postSolution
		SolutionGuid = {099215F5-F7FB-47F9-AE69-B08390FFDEC0}
	EndGlobalSection
EndGlobal
