
Microsoft Visual Studio Solution File, Format Version 12.00
# Visual Studio 15
VisualStudioVersion = 15.0.27428.2043
MinimumVisualStudioVersion = 10.0.40219.1
Project("{2150E333-8FDC-42A3-9474-1A3956D46DE8}") = "DesignPatterns", "DesignPatterns", "{E22F5C3E-CFDA-42CD-BF9A-E41F03D7F28B}"
EndProject
Project("{2150E333-8FDC-42A3-9474-1A3956D46DE8}") = "Structural", "Structural", "{52D28BE0-288F-47CE-84B0-65BD856B3637}"
EndProject
Project("{2150E333-8FDC-42A3-9474-1A3956D46DE8}") = "Creational", "Creational", "{704C4CD3-6D2A-497B-BBB2-560615360A2C}"
EndProject
Project("{2150E333-8FDC-42A3-9474-1A3956D46DE8}") = "Behavioral", "Behavioral", "{E6DBA119-ADB6-4AA4-8861-03ECF7C3E9AD}"
EndProject
Project("{2150E333-8FDC-42A3-9474-1A3956D46DE8}") = "GangOfFourPatterns", "GangOfFourPatterns", "{51FFEC34-0804-4FD3-90A5-6A5FEAAE49A4}"
EndProject
Project("{2150E333-8FDC-42A3-9474-1A3956D46DE8}") = "SpecificationPattern", "SpecificationPattern", "{2E799046-D6FD-45CF-89F6-57BEEAAF671B}"
EndProject
Project("{9A19103F-16F7-4668-BE54-9A1E7A4F7556}") = "Xpto.Behavioral.ChainOfResponsibility", "DesignPatterns\GangOfFourPatterns\Behavioral\ChainOfResponsibility\Xpto.Behavioral.ChainOfResponsibility\Xpto.Behavioral.ChainOfResponsibility.csproj", "{073D582B-7C83-413A-83DA-C32A31602505}"
EndProject
Project("{9A19103F-16F7-4668-BE54-9A1E7A4F7556}") = "Xpto.Behavioral.ChainOfResponsibility.Test", "DesignPatterns\GangOfFourPatterns\Behavioral\ChainOfResponsibility\Xpto.Behavioral.ChainOfResponsibility.Test\Xpto.Behavioral.ChainOfResponsibility.Test.csproj", "{9375E891-3E22-42E9-8719-09A14C100E7F}"
EndProject
Project("{9A19103F-16F7-4668-BE54-9A1E7A4F7556}") = "Xpto.Behavioral.Strategy", "DesignPatterns\GangOfFourPatterns\Behavioral\Strategy\Xpto.Behavioral.Strategy\Xpto.Behavioral.Strategy.csproj", "{6052644B-99F5-486F-8006-75BA509DFBE4}"
EndProject
Project("{9A19103F-16F7-4668-BE54-9A1E7A4F7556}") = "Xpto.Behavioral.Strategy.Test", "DesignPatterns\GangOfFourPatterns\Behavioral\Strategy\Xpto.Behavioral.Strategy.Test\Xpto.Behavioral.Strategy.Test.csproj", "{25C30068-58D2-417D-8323-B41A61541A9C}"
EndProject
Project("{9A19103F-16F7-4668-BE54-9A1E7A4F7556}") = "Xpto.Creational.Factory", "DesignPatterns\GangOfFourPatterns\Creational\Factory\Xpto.Creational.Factory\Xpto.Creational.Factory.csproj", "{380C6B7C-2C96-494D-AB63-3794E83ABD1F}"
EndProject
Project("{9A19103F-16F7-4668-BE54-9A1E7A4F7556}") = "Xpto.Creational.Factory.Test", "DesignPatterns\GangOfFourPatterns\Creational\Factory\Xpto.Creational.Factory.Test\Xpto.Creational.Factory.Test.csproj", "{C28BEC8C-4A6B-48FA-BD54-6451E0A0420E}"
EndProject
Project("{9A19103F-16F7-4668-BE54-9A1E7A4F7556}") = "Xpto.Creational.AbstractFactory", "DesignPatterns\GangOfFourPatterns\Creational\Factory\Xpto.Creational.AbstractFactory\Xpto.Creational.AbstractFactory.csproj", "{BB3CAB46-B4F0-48C4-9E6C-05E703FD5AB6}"
EndProject
Project("{9A19103F-16F7-4668-BE54-9A1E7A4F7556}") = "Xpto.Creational.AbstractFactory.Test", "DesignPatterns\GangOfFourPatterns\Creational\Factory\Xpto.Creational.AbstractFactory.Test\Xpto.Creational.AbstractFactory.Test.csproj", "{E32932F9-E1C3-46CC-ADFA-36BD384E56C5}"
EndProject
Project("{9A19103F-16F7-4668-BE54-9A1E7A4F7556}") = "Xpto.SpecificationPattern", "DesignPatterns\SpecificationPattern\Xpto.SpecificationPattern\Xpto.SpecificationPattern\Xpto.SpecificationPattern.csproj", "{98F280BB-5037-43A2-A891-6A54B5861167}"
EndProject
Project("{9A19103F-16F7-4668-BE54-9A1E7A4F7556}") = "Xpto.SpecificationPattern.Test", "DesignPatterns\SpecificationPattern\Xpto.SpecificationPattern\Xpto.SpecificationPattern.Test\Xpto.SpecificationPattern.Test.csproj", "{0EC929F0-B7E9-449A-8E08-3CBC8433299F}"
EndProject
Project("{9A19103F-16F7-4668-BE54-9A1E7A4F7556}") = "Xpto.Creational.Singleton", "DesignPatterns\GangOfFourPatterns\Creational\Singleton\Xpto.Creational.Singleton\Xpto.Creational.Singleton.csproj", "{0324163E-1132-4654-8094-4C8C1F1D5443}"
EndProject
Project("{9A19103F-16F7-4668-BE54-9A1E7A4F7556}") = "Xpto.Creational.Singleton.Test", "DesignPatterns\GangOfFourPatterns\Creational\Singleton\Xpto.Creational.Singleton.Test\Xpto.Creational.Singleton.Test.csproj", "{41531DC6-CCB7-42F2-B02B-26448737F3EF}"
EndProject
Project("{9A19103F-16F7-4668-BE54-9A1E7A4F7556}") = "Xpto.Behavioral.Command", "DesignPatterns\GangOfFourPatterns\Behavioral\Command\Xpto.Behavioral.Command\Xpto.Behavioral.Command.csproj", "{6E6765C8-E412-42CD-9999-9207AD8E1B79}"
EndProject
Project("{9A19103F-16F7-4668-BE54-9A1E7A4F7556}") = "Xpto.Behavioral.Command.Test", "DesignPatterns\GangOfFourPatterns\Behavioral\Command\Xpto.Behavioral.Command.Test\Xpto.Behavioral.Command.Test.csproj", "{E35B6579-172D-4B64-ADEC-E9AAA92912F2}"
EndProject
Global
	GlobalSection(SolutionConfigurationPlatforms) = preSolution
		Debug|Any CPU = Debug|Any CPU
		Release|Any CPU = Release|Any CPU
	EndGlobalSection
	GlobalSection(ProjectConfigurationPlatforms) = postSolution
		{073D582B-7C83-413A-83DA-C32A31602505}.Debug|Any CPU.ActiveCfg = Debug|Any CPU
		{073D582B-7C83-413A-83DA-C32A31602505}.Debug|Any CPU.Build.0 = Debug|Any CPU
		{073D582B-7C83-413A-83DA-C32A31602505}.Release|Any CPU.ActiveCfg = Release|Any CPU
		{073D582B-7C83-413A-83DA-C32A31602505}.Release|Any CPU.Build.0 = Release|Any CPU
		{9375E891-3E22-42E9-8719-09A14C100E7F}.Debug|Any CPU.ActiveCfg = Debug|Any CPU
		{9375E891-3E22-42E9-8719-09A14C100E7F}.Debug|Any CPU.Build.0 = Debug|Any CPU
		{9375E891-3E22-42E9-8719-09A14C100E7F}.Release|Any CPU.ActiveCfg = Release|Any CPU
		{9375E891-3E22-42E9-8719-09A14C100E7F}.Release|Any CPU.Build.0 = Release|Any CPU
		{6052644B-99F5-486F-8006-75BA509DFBE4}.Debug|Any CPU.ActiveCfg = Debug|Any CPU
		{6052644B-99F5-486F-8006-75BA509DFBE4}.Debug|Any CPU.Build.0 = Debug|Any CPU
		{6052644B-99F5-486F-8006-75BA509DFBE4}.Release|Any CPU.ActiveCfg = Release|Any CPU
		{6052644B-99F5-486F-8006-75BA509DFBE4}.Release|Any CPU.Build.0 = Release|Any CPU
		{25C30068-58D2-417D-8323-B41A61541A9C}.Debug|Any CPU.ActiveCfg = Debug|Any CPU
		{25C30068-58D2-417D-8323-B41A61541A9C}.Debug|Any CPU.Build.0 = Debug|Any CPU
		{25C30068-58D2-417D-8323-B41A61541A9C}.Release|Any CPU.ActiveCfg = Release|Any CPU
		{25C30068-58D2-417D-8323-B41A61541A9C}.Release|Any CPU.Build.0 = Release|Any CPU
		{380C6B7C-2C96-494D-AB63-3794E83ABD1F}.Debug|Any CPU.ActiveCfg = Debug|Any CPU
		{380C6B7C-2C96-494D-AB63-3794E83ABD1F}.Debug|Any CPU.Build.0 = Debug|Any CPU
		{380C6B7C-2C96-494D-AB63-3794E83ABD1F}.Release|Any CPU.ActiveCfg = Release|Any CPU
		{380C6B7C-2C96-494D-AB63-3794E83ABD1F}.Release|Any CPU.Build.0 = Release|Any CPU
		{C28BEC8C-4A6B-48FA-BD54-6451E0A0420E}.Debug|Any CPU.ActiveCfg = Debug|Any CPU
		{C28BEC8C-4A6B-48FA-BD54-6451E0A0420E}.Debug|Any CPU.Build.0 = Debug|Any CPU
		{C28BEC8C-4A6B-48FA-BD54-6451E0A0420E}.Release|Any CPU.ActiveCfg = Release|Any CPU
		{C28BEC8C-4A6B-48FA-BD54-6451E0A0420E}.Release|Any CPU.Build.0 = Release|Any CPU
		{BB3CAB46-B4F0-48C4-9E6C-05E703FD5AB6}.Debug|Any CPU.ActiveCfg = Debug|Any CPU
		{BB3CAB46-B4F0-48C4-9E6C-05E703FD5AB6}.Debug|Any CPU.Build.0 = Debug|Any CPU
		{BB3CAB46-B4F0-48C4-9E6C-05E703FD5AB6}.Release|Any CPU.ActiveCfg = Release|Any CPU
		{BB3CAB46-B4F0-48C4-9E6C-05E703FD5AB6}.Release|Any CPU.Build.0 = Release|Any CPU
		{E32932F9-E1C3-46CC-ADFA-36BD384E56C5}.Debug|Any CPU.ActiveCfg = Debug|Any CPU
		{E32932F9-E1C3-46CC-ADFA-36BD384E56C5}.Debug|Any CPU.Build.0 = Debug|Any CPU
		{E32932F9-E1C3-46CC-ADFA-36BD384E56C5}.Release|Any CPU.ActiveCfg = Release|Any CPU
		{E32932F9-E1C3-46CC-ADFA-36BD384E56C5}.Release|Any CPU.Build.0 = Release|Any CPU
		{98F280BB-5037-43A2-A891-6A54B5861167}.Debug|Any CPU.ActiveCfg = Debug|Any CPU
		{98F280BB-5037-43A2-A891-6A54B5861167}.Debug|Any CPU.Build.0 = Debug|Any CPU
		{98F280BB-5037-43A2-A891-6A54B5861167}.Release|Any CPU.ActiveCfg = Release|Any CPU
		{98F280BB-5037-43A2-A891-6A54B5861167}.Release|Any CPU.Build.0 = Release|Any CPU
		{0EC929F0-B7E9-449A-8E08-3CBC8433299F}.Debug|Any CPU.ActiveCfg = Debug|Any CPU
		{0EC929F0-B7E9-449A-8E08-3CBC8433299F}.Debug|Any CPU.Build.0 = Debug|Any CPU
		{0EC929F0-B7E9-449A-8E08-3CBC8433299F}.Release|Any CPU.ActiveCfg = Release|Any CPU
		{0EC929F0-B7E9-449A-8E08-3CBC8433299F}.Release|Any CPU.Build.0 = Release|Any CPU
		{0324163E-1132-4654-8094-4C8C1F1D5443}.Debug|Any CPU.ActiveCfg = Debug|Any CPU
		{0324163E-1132-4654-8094-4C8C1F1D5443}.Debug|Any CPU.Build.0 = Debug|Any CPU
		{0324163E-1132-4654-8094-4C8C1F1D5443}.Release|Any CPU.ActiveCfg = Release|Any CPU
		{0324163E-1132-4654-8094-4C8C1F1D5443}.Release|Any CPU.Build.0 = Release|Any CPU
		{41531DC6-CCB7-42F2-B02B-26448737F3EF}.Debug|Any CPU.ActiveCfg = Debug|Any CPU
		{41531DC6-CCB7-42F2-B02B-26448737F3EF}.Debug|Any CPU.Build.0 = Debug|Any CPU
		{41531DC6-CCB7-42F2-B02B-26448737F3EF}.Release|Any CPU.ActiveCfg = Release|Any CPU
		{41531DC6-CCB7-42F2-B02B-26448737F3EF}.Release|Any CPU.Build.0 = Release|Any CPU
		{6E6765C8-E412-42CD-9999-9207AD8E1B79}.Debug|Any CPU.ActiveCfg = Debug|Any CPU
		{6E6765C8-E412-42CD-9999-9207AD8E1B79}.Debug|Any CPU.Build.0 = Debug|Any CPU
		{6E6765C8-E412-42CD-9999-9207AD8E1B79}.Release|Any CPU.ActiveCfg = Release|Any CPU
		{6E6765C8-E412-42CD-9999-9207AD8E1B79}.Release|Any CPU.Build.0 = Release|Any CPU
		{E35B6579-172D-4B64-ADEC-E9AAA92912F2}.Debug|Any CPU.ActiveCfg = Debug|Any CPU
		{E35B6579-172D-4B64-ADEC-E9AAA92912F2}.Debug|Any CPU.Build.0 = Debug|Any CPU
		{E35B6579-172D-4B64-ADEC-E9AAA92912F2}.Release|Any CPU.ActiveCfg = Release|Any CPU
		{E35B6579-172D-4B64-ADEC-E9AAA92912F2}.Release|Any CPU.Build.0 = Release|Any CPU
	EndGlobalSection
	GlobalSection(SolutionProperties) = preSolution
		HideSolutionNode = FALSE
	EndGlobalSection
	GlobalSection(NestedProjects) = preSolution
		{52D28BE0-288F-47CE-84B0-65BD856B3637} = {51FFEC34-0804-4FD3-90A5-6A5FEAAE49A4}
		{704C4CD3-6D2A-497B-BBB2-560615360A2C} = {51FFEC34-0804-4FD3-90A5-6A5FEAAE49A4}
		{E6DBA119-ADB6-4AA4-8861-03ECF7C3E9AD} = {51FFEC34-0804-4FD3-90A5-6A5FEAAE49A4}
		{51FFEC34-0804-4FD3-90A5-6A5FEAAE49A4} = {E22F5C3E-CFDA-42CD-BF9A-E41F03D7F28B}
		{2E799046-D6FD-45CF-89F6-57BEEAAF671B} = {E22F5C3E-CFDA-42CD-BF9A-E41F03D7F28B}
		{073D582B-7C83-413A-83DA-C32A31602505} = {E6DBA119-ADB6-4AA4-8861-03ECF7C3E9AD}
		{9375E891-3E22-42E9-8719-09A14C100E7F} = {E6DBA119-ADB6-4AA4-8861-03ECF7C3E9AD}
		{6052644B-99F5-486F-8006-75BA509DFBE4} = {E6DBA119-ADB6-4AA4-8861-03ECF7C3E9AD}
		{25C30068-58D2-417D-8323-B41A61541A9C} = {E6DBA119-ADB6-4AA4-8861-03ECF7C3E9AD}
		{380C6B7C-2C96-494D-AB63-3794E83ABD1F} = {704C4CD3-6D2A-497B-BBB2-560615360A2C}
		{C28BEC8C-4A6B-48FA-BD54-6451E0A0420E} = {704C4CD3-6D2A-497B-BBB2-560615360A2C}
		{BB3CAB46-B4F0-48C4-9E6C-05E703FD5AB6} = {704C4CD3-6D2A-497B-BBB2-560615360A2C}
		{E32932F9-E1C3-46CC-ADFA-36BD384E56C5} = {704C4CD3-6D2A-497B-BBB2-560615360A2C}
		{98F280BB-5037-43A2-A891-6A54B5861167} = {2E799046-D6FD-45CF-89F6-57BEEAAF671B}
		{0EC929F0-B7E9-449A-8E08-3CBC8433299F} = {2E799046-D6FD-45CF-89F6-57BEEAAF671B}
		{0324163E-1132-4654-8094-4C8C1F1D5443} = {704C4CD3-6D2A-497B-BBB2-560615360A2C}
		{41531DC6-CCB7-42F2-B02B-26448737F3EF} = {704C4CD3-6D2A-497B-BBB2-560615360A2C}
		{6E6765C8-E412-42CD-9999-9207AD8E1B79} = {E6DBA119-ADB6-4AA4-8861-03ECF7C3E9AD}
		{E35B6579-172D-4B64-ADEC-E9AAA92912F2} = {E6DBA119-ADB6-4AA4-8861-03ECF7C3E9AD}
	EndGlobalSection
	GlobalSection(ExtensibilityGlobals) = postSolution
		SolutionGuid = {099215F5-F7FB-47F9-AE69-B08390FFDEC0}
	EndGlobalSection
EndGlobal
